
Microsoft Visual Studio Solution File, Format Version 12.00
# Visual Studio Version 17
VisualStudioVersion = 17.0.31903.59
MinimumVisualStudioVersion = 10.0.40219.1
Project("{FAE04EC0-301F-11D3-BF4B-00C04F79EFBC}") = "Solver", "Solver\Solver.csproj", "{D92DD7DA-58A9-479F-A61D-193FFAAFBDFB}"
EndProject
Project("{FAE04EC0-301F-11D3-BF4B-00C04F79EFBC}") = "Tests", "Tests\Tests.csproj", "{1ECC9EFF-48B7-4F4E-9FA1-0509CBEA6B6B}"
EndProject
Project("{FAE04EC0-301F-11D3-BF4B-00C04F79EFBC}") = "Benchmarks", "BacktrackerBenchmarks\Benchmarks.csproj", "{3236F865-96B3-4454-935E-714032BE71C5}"
EndProject
Project("{FAE04EC0-301F-11D3-BF4B-00C04F79EFBC}") = "BacktrackerTests", "BacktrackerTests\BacktrackerTests.csproj", "{C1DF4DEA-D889-4FE7-B3EE-23D51A1C9FB4}"
EndProject
Project("{FAE04EC0-301F-11D3-BF4B-00C04F79EFBC}") = "PuzzleData", "PuzzleData\PuzzleData.csproj", "{20464775-6D10-43A5-AC90-89DECA70D834}"
EndProject
Project("{FAE04EC0-301F-11D3-BF4B-00C04F79EFBC}") = "Backtracker", "Backtracker\Backtracker.csproj", "{3AB78B6B-4C04-4C27-A588-B42420308242}"
EndProject
Project("{FAE04EC0-301F-11D3-BF4B-00C04F79EFBC}") = "BacktrackerMD", "BacktrackerMD\BacktrackerMD.csproj", "{89313650-C373-42B6-BAB3-45B163F45528}"
EndProject
Project("{FAE04EC0-301F-11D3-BF4B-00C04F79EFBC}") = "BacktrackerRunner", "BacktrackerRunner\BacktrackerRunner.csproj", "{924028E1-B0DB-4582-9FB3-2ECDBEBFC4C5}"
EndProject
Project("{FAE04EC0-301F-11D3-BF4B-00C04F79EFBC}") = "BacktrackerJagged", "BacktrackerJagged\BacktrackerJagged.csproj", "{E49177B2-2513-462F-BC8C-75D2C9EAC095}"
EndProject
Global
	GlobalSection(SolutionConfigurationPlatforms) = preSolution
		Debug|Any CPU = Debug|Any CPU
		Debug|x64 = Debug|x64
		Debug|x86 = Debug|x86
		Release|Any CPU = Release|Any CPU
		Release|x64 = Release|x64
		Release|x86 = Release|x86
	EndGlobalSection
	GlobalSection(ProjectConfigurationPlatforms) = postSolution
		{D92DD7DA-58A9-479F-A61D-193FFAAFBDFB}.Debug|Any CPU.ActiveCfg = Debug|Any CPU
		{D92DD7DA-58A9-479F-A61D-193FFAAFBDFB}.Debug|Any CPU.Build.0 = Debug|Any CPU
		{D92DD7DA-58A9-479F-A61D-193FFAAFBDFB}.Debug|x64.ActiveCfg = Debug|Any CPU
		{D92DD7DA-58A9-479F-A61D-193FFAAFBDFB}.Debug|x64.Build.0 = Debug|Any CPU
		{D92DD7DA-58A9-479F-A61D-193FFAAFBDFB}.Debug|x86.ActiveCfg = Debug|Any CPU
		{D92DD7DA-58A9-479F-A61D-193FFAAFBDFB}.Debug|x86.Build.0 = Debug|Any CPU
		{D92DD7DA-58A9-479F-A61D-193FFAAFBDFB}.Release|Any CPU.ActiveCfg = Release|Any CPU
		{D92DD7DA-58A9-479F-A61D-193FFAAFBDFB}.Release|Any CPU.Build.0 = Release|Any CPU
		{D92DD7DA-58A9-479F-A61D-193FFAAFBDFB}.Release|x64.ActiveCfg = Release|Any CPU
		{D92DD7DA-58A9-479F-A61D-193FFAAFBDFB}.Release|x64.Build.0 = Release|Any CPU
		{D92DD7DA-58A9-479F-A61D-193FFAAFBDFB}.Release|x86.ActiveCfg = Release|Any CPU
		{D92DD7DA-58A9-479F-A61D-193FFAAFBDFB}.Release|x86.Build.0 = Release|Any CPU
		{1ECC9EFF-48B7-4F4E-9FA1-0509CBEA6B6B}.Debug|Any CPU.ActiveCfg = Debug|Any CPU
		{1ECC9EFF-48B7-4F4E-9FA1-0509CBEA6B6B}.Debug|Any CPU.Build.0 = Debug|Any CPU
		{1ECC9EFF-48B7-4F4E-9FA1-0509CBEA6B6B}.Debug|x64.ActiveCfg = Debug|Any CPU
		{1ECC9EFF-48B7-4F4E-9FA1-0509CBEA6B6B}.Debug|x64.Build.0 = Debug|Any CPU
		{1ECC9EFF-48B7-4F4E-9FA1-0509CBEA6B6B}.Debug|x86.ActiveCfg = Debug|Any CPU
		{1ECC9EFF-48B7-4F4E-9FA1-0509CBEA6B6B}.Debug|x86.Build.0 = Debug|Any CPU
		{1ECC9EFF-48B7-4F4E-9FA1-0509CBEA6B6B}.Release|Any CPU.ActiveCfg = Release|Any CPU
		{1ECC9EFF-48B7-4F4E-9FA1-0509CBEA6B6B}.Release|Any CPU.Build.0 = Release|Any CPU
		{1ECC9EFF-48B7-4F4E-9FA1-0509CBEA6B6B}.Release|x64.ActiveCfg = Release|Any CPU
		{1ECC9EFF-48B7-4F4E-9FA1-0509CBEA6B6B}.Release|x64.Build.0 = Release|Any CPU
		{1ECC9EFF-48B7-4F4E-9FA1-0509CBEA6B6B}.Release|x86.ActiveCfg = Release|Any CPU
		{1ECC9EFF-48B7-4F4E-9FA1-0509CBEA6B6B}.Release|x86.Build.0 = Release|Any CPU
		{3236F865-96B3-4454-935E-714032BE71C5}.Debug|Any CPU.ActiveCfg = Debug|Any CPU
		{3236F865-96B3-4454-935E-714032BE71C5}.Debug|Any CPU.Build.0 = Debug|Any CPU
		{3236F865-96B3-4454-935E-714032BE71C5}.Debug|x64.ActiveCfg = Debug|Any CPU
		{3236F865-96B3-4454-935E-714032BE71C5}.Debug|x64.Build.0 = Debug|Any CPU
		{3236F865-96B3-4454-935E-714032BE71C5}.Debug|x86.ActiveCfg = Debug|Any CPU
		{3236F865-96B3-4454-935E-714032BE71C5}.Debug|x86.Build.0 = Debug|Any CPU
		{3236F865-96B3-4454-935E-714032BE71C5}.Release|Any CPU.ActiveCfg = Release|Any CPU
		{3236F865-96B3-4454-935E-714032BE71C5}.Release|Any CPU.Build.0 = Release|Any CPU
		{3236F865-96B3-4454-935E-714032BE71C5}.Release|x64.ActiveCfg = Release|Any CPU
		{3236F865-96B3-4454-935E-714032BE71C5}.Release|x64.Build.0 = Release|Any CPU
		{3236F865-96B3-4454-935E-714032BE71C5}.Release|x86.ActiveCfg = Release|Any CPU
		{3236F865-96B3-4454-935E-714032BE71C5}.Release|x86.Build.0 = Release|Any CPU
		{C1DF4DEA-D889-4FE7-B3EE-23D51A1C9FB4}.Debug|Any CPU.ActiveCfg = Debug|Any CPU
		{C1DF4DEA-D889-4FE7-B3EE-23D51A1C9FB4}.Debug|Any CPU.Build.0 = Debug|Any CPU
		{C1DF4DEA-D889-4FE7-B3EE-23D51A1C9FB4}.Debug|x64.ActiveCfg = Debug|Any CPU
		{C1DF4DEA-D889-4FE7-B3EE-23D51A1C9FB4}.Debug|x64.Build.0 = Debug|Any CPU
		{C1DF4DEA-D889-4FE7-B3EE-23D51A1C9FB4}.Debug|x86.ActiveCfg = Debug|Any CPU
		{C1DF4DEA-D889-4FE7-B3EE-23D51A1C9FB4}.Debug|x86.Build.0 = Debug|Any CPU
		{C1DF4DEA-D889-4FE7-B3EE-23D51A1C9FB4}.Release|Any CPU.ActiveCfg = Release|Any CPU
		{C1DF4DEA-D889-4FE7-B3EE-23D51A1C9FB4}.Release|Any CPU.Build.0 = Release|Any CPU
		{C1DF4DEA-D889-4FE7-B3EE-23D51A1C9FB4}.Release|x64.ActiveCfg = Release|Any CPU
		{C1DF4DEA-D889-4FE7-B3EE-23D51A1C9FB4}.Release|x64.Build.0 = Release|Any CPU
		{C1DF4DEA-D889-4FE7-B3EE-23D51A1C9FB4}.Release|x86.ActiveCfg = Release|Any CPU
		{C1DF4DEA-D889-4FE7-B3EE-23D51A1C9FB4}.Release|x86.Build.0 = Release|Any CPU
		{20464775-6D10-43A5-AC90-89DECA70D834}.Debug|Any CPU.ActiveCfg = Debug|Any CPU
		{20464775-6D10-43A5-AC90-89DECA70D834}.Debug|Any CPU.Build.0 = Debug|Any CPU
		{20464775-6D10-43A5-AC90-89DECA70D834}.Debug|x64.ActiveCfg = Debug|Any CPU
		{20464775-6D10-43A5-AC90-89DECA70D834}.Debug|x64.Build.0 = Debug|Any CPU
		{20464775-6D10-43A5-AC90-89DECA70D834}.Debug|x86.ActiveCfg = Debug|Any CPU
		{20464775-6D10-43A5-AC90-89DECA70D834}.Debug|x86.Build.0 = Debug|Any CPU
		{20464775-6D10-43A5-AC90-89DECA70D834}.Release|Any CPU.ActiveCfg = Release|Any CPU
		{20464775-6D10-43A5-AC90-89DECA70D834}.Release|Any CPU.Build.0 = Release|Any CPU
		{20464775-6D10-43A5-AC90-89DECA70D834}.Release|x64.ActiveCfg = Release|Any CPU
		{20464775-6D10-43A5-AC90-89DECA70D834}.Release|x64.Build.0 = Release|Any CPU
		{20464775-6D10-43A5-AC90-89DECA70D834}.Release|x86.ActiveCfg = Release|Any CPU
		{20464775-6D10-43A5-AC90-89DECA70D834}.Release|x86.Build.0 = Release|Any CPU
		{3AB78B6B-4C04-4C27-A588-B42420308242}.Debug|Any CPU.ActiveCfg = Debug|Any CPU
		{3AB78B6B-4C04-4C27-A588-B42420308242}.Debug|Any CPU.Build.0 = Debug|Any CPU
		{3AB78B6B-4C04-4C27-A588-B42420308242}.Debug|x64.ActiveCfg = Debug|Any CPU
		{3AB78B6B-4C04-4C27-A588-B42420308242}.Debug|x64.Build.0 = Debug|Any CPU
		{3AB78B6B-4C04-4C27-A588-B42420308242}.Debug|x86.ActiveCfg = Debug|Any CPU
		{3AB78B6B-4C04-4C27-A588-B42420308242}.Debug|x86.Build.0 = Debug|Any CPU
		{3AB78B6B-4C04-4C27-A588-B42420308242}.Release|Any CPU.ActiveCfg = Release|Any CPU
		{3AB78B6B-4C04-4C27-A588-B42420308242}.Release|Any CPU.Build.0 = Release|Any CPU
		{3AB78B6B-4C04-4C27-A588-B42420308242}.Release|x64.ActiveCfg = Release|Any CPU
		{3AB78B6B-4C04-4C27-A588-B42420308242}.Release|x64.Build.0 = Release|Any CPU
		{3AB78B6B-4C04-4C27-A588-B42420308242}.Release|x86.ActiveCfg = Release|Any CPU
		{3AB78B6B-4C04-4C27-A588-B42420308242}.Release|x86.Build.0 = Release|Any CPU
		{89313650-C373-42B6-BAB3-45B163F45528}.Debug|Any CPU.ActiveCfg = Debug|Any CPU
		{89313650-C373-42B6-BAB3-45B163F45528}.Debug|Any CPU.Build.0 = Debug|Any CPU
		{89313650-C373-42B6-BAB3-45B163F45528}.Debug|x64.ActiveCfg = Debug|Any CPU
		{89313650-C373-42B6-BAB3-45B163F45528}.Debug|x64.Build.0 = Debug|Any CPU
		{89313650-C373-42B6-BAB3-45B163F45528}.Debug|x86.ActiveCfg = Debug|Any CPU
		{89313650-C373-42B6-BAB3-45B163F45528}.Debug|x86.Build.0 = Debug|Any CPU
		{89313650-C373-42B6-BAB3-45B163F45528}.Release|Any CPU.ActiveCfg = Release|Any CPU
		{89313650-C373-42B6-BAB3-45B163F45528}.Release|Any CPU.Build.0 = Release|Any CPU
		{89313650-C373-42B6-BAB3-45B163F45528}.Release|x64.ActiveCfg = Release|Any CPU
		{89313650-C373-42B6-BAB3-45B163F45528}.Release|x64.Build.0 = Release|Any CPU
		{89313650-C373-42B6-BAB3-45B163F45528}.Release|x86.ActiveCfg = Release|Any CPU
		{89313650-C373-42B6-BAB3-45B163F45528}.Release|x86.Build.0 = Release|Any CPU
		{924028E1-B0DB-4582-9FB3-2ECDBEBFC4C5}.Debug|Any CPU.ActiveCfg = Debug|Any CPU
		{924028E1-B0DB-4582-9FB3-2ECDBEBFC4C5}.Debug|Any CPU.Build.0 = Debug|Any CPU
		{924028E1-B0DB-4582-9FB3-2ECDBEBFC4C5}.Debug|x64.ActiveCfg = Debug|Any CPU
		{924028E1-B0DB-4582-9FB3-2ECDBEBFC4C5}.Debug|x64.Build.0 = Debug|Any CPU
		{924028E1-B0DB-4582-9FB3-2ECDBEBFC4C5}.Debug|x86.ActiveCfg = Debug|Any CPU
		{924028E1-B0DB-4582-9FB3-2ECDBEBFC4C5}.Debug|x86.Build.0 = Debug|Any CPU
		{924028E1-B0DB-4582-9FB3-2ECDBEBFC4C5}.Release|Any CPU.ActiveCfg = Release|Any CPU
		{924028E1-B0DB-4582-9FB3-2ECDBEBFC4C5}.Release|Any CPU.Build.0 = Release|Any CPU
		{924028E1-B0DB-4582-9FB3-2ECDBEBFC4C5}.Release|x64.ActiveCfg = Release|Any CPU
		{924028E1-B0DB-4582-9FB3-2ECDBEBFC4C5}.Release|x64.Build.0 = Release|Any CPU
		{924028E1-B0DB-4582-9FB3-2ECDBEBFC4C5}.Release|x86.ActiveCfg = Release|Any CPU
		{924028E1-B0DB-4582-9FB3-2ECDBEBFC4C5}.Release|x86.Build.0 = Release|Any CPU
		{E49177B2-2513-462F-BC8C-75D2C9EAC095}.Debug|Any CPU.ActiveCfg = Debug|Any CPU
		{E49177B2-2513-462F-BC8C-75D2C9EAC095}.Debug|Any CPU.Build.0 = Debug|Any CPU
		{E49177B2-2513-462F-BC8C-75D2C9EAC095}.Debug|x64.ActiveCfg = Debug|Any CPU
		{E49177B2-2513-462F-BC8C-75D2C9EAC095}.Debug|x64.Build.0 = Debug|Any CPU
		{E49177B2-2513-462F-BC8C-75D2C9EAC095}.Debug|x86.ActiveCfg = Debug|Any CPU
		{E49177B2-2513-462F-BC8C-75D2C9EAC095}.Debug|x86.Build.0 = Debug|Any CPU
		{E49177B2-2513-462F-BC8C-75D2C9EAC095}.Release|Any CPU.ActiveCfg = Release|Any CPU
		{E49177B2-2513-462F-BC8C-75D2C9EAC095}.Release|Any CPU.Build.0 = Release|Any CPU
		{E49177B2-2513-462F-BC8C-75D2C9EAC095}.Release|x64.ActiveCfg = Release|Any CPU
		{E49177B2-2513-462F-BC8C-75D2C9EAC095}.Release|x64.Build.0 = Release|Any CPU
		{E49177B2-2513-462F-BC8C-75D2C9EAC095}.Release|x86.ActiveCfg = Release|Any CPU
		{E49177B2-2513-462F-BC8C-75D2C9EAC095}.Release|x86.Build.0 = Release|Any CPU
	EndGlobalSection
	GlobalSection(SolutionProperties) = preSolution
		HideSolutionNode = FALSE
	EndGlobalSection
EndGlobal
